
Microsoft Visual Studio Solution File, Format Version 12.00
# Visual Studio 15
VisualStudioVersion = 15.0.27130.2036
MinimumVisualStudioVersion = 10.0.40219.1
Project("{FAE04EC0-301F-11D3-BF4B-00C04F79EFBC}") = "Postausgangsbuch", "Postausgangsbuch\Postausgangsbuch.csproj", "{D94D2B5D-6445-4A7F-ACB8-123B8AA8142C}"
EndProject
Project("{FAE04EC0-301F-11D3-BF4B-00C04F79EFBC}") = "FilterLib", "FilterLib\FilterLib.csproj", "{ACD81C72-2AE9-4274-88F9-11AA93E25E53}"
EndProject
Project("{FAE04EC0-301F-11D3-BF4B-00C04F79EFBC}") = "PabDbLib", "PabDbLib\PabDbLib.csproj", "{BDB2AAC6-C21F-4D47-A714-3C2E50ED0F1C}"
EndProject
Global
	GlobalSection(SolutionConfigurationPlatforms) = preSolution
		Debug|Any CPU = Debug|Any CPU
		Release|Any CPU = Release|Any CPU
	EndGlobalSection
	GlobalSection(ProjectConfigurationPlatforms) = postSolution
		{D94D2B5D-6445-4A7F-ACB8-123B8AA8142C}.Debug|Any CPU.ActiveCfg = Debug|Any CPU
		{D94D2B5D-6445-4A7F-ACB8-123B8AA8142C}.Debug|Any CPU.Build.0 = Debug|Any CPU
		{D94D2B5D-6445-4A7F-ACB8-123B8AA8142C}.Release|Any CPU.ActiveCfg = Release|Any CPU
		{D94D2B5D-6445-4A7F-ACB8-123B8AA8142C}.Release|Any CPU.Build.0 = Release|Any CPU
		{ACD81C72-2AE9-4274-88F9-11AA93E25E53}.Debug|Any CPU.ActiveCfg = Debug|Any CPU
		{ACD81C72-2AE9-4274-88F9-11AA93E25E53}.Debug|Any CPU.Build.0 = Debug|Any CPU
		{ACD81C72-2AE9-4274-88F9-11AA93E25E53}.Release|Any CPU.ActiveCfg = Release|Any CPU
		{ACD81C72-2AE9-4274-88F9-11AA93E25E53}.Release|Any CPU.Build.0 = Release|Any CPU
		{BDB2AAC6-C21F-4D47-A714-3C2E50ED0F1C}.Debug|Any CPU.ActiveCfg = Debug|Any CPU
		{BDB2AAC6-C21F-4D47-A714-3C2E50ED0F1C}.Debug|Any CPU.Build.0 = Debug|Any CPU
		{BDB2AAC6-C21F-4D47-A714-3C2E50ED0F1C}.Release|Any CPU.ActiveCfg = Release|Any CPU
		{BDB2AAC6-C21F-4D47-A714-3C2E50ED0F1C}.Release|Any CPU.Build.0 = Release|Any CPU
	EndGlobalSection
	GlobalSection(SolutionProperties) = preSolution
		HideSolutionNode = FALSE
	EndGlobalSection
	GlobalSection(ExtensibilityGlobals) = postSolution
		SolutionGuid = {A80F9DC0-7652-463C-B6F9-2224CD1E827A}
	EndGlobalSection
EndGlobal
